
Microsoft Visual Studio Solution File, Format Version 12.00
# Visual Studio Version 17
VisualStudioVersion = 17.1.31911.260
MinimumVisualStudioVersion = 10.0.40219.1
Project("{9A19103F-16F7-4668-BE54-9A1E7A4F7556}") = "Backend", "Backend\Backend.csproj", "{115BB1D4-AB64-4FC4-AF96-4EF0AA6FBD82}"
EndProject
Project("{9A19103F-16F7-4668-BE54-9A1E7A4F7556}") = "Frontend", "Frontend\Frontend.csproj", "{1C3C7184-317D-41B7-9071-8EEA29A54605}"
EndProject
Project("{2150E333-8FDC-42A3-9474-1A3956D46DE8}") = "Solution Items", "Solution Items", "{F381D89C-815D-4551-9579-B917BB81F396}"
	ProjectSection(SolutionItems) = preProject
		tye.yaml = tye.yaml
	EndProjectSection
EndProject
Global
	GlobalSection(SolutionConfigurationPlatforms) = preSolution
		Debug|Any CPU = Debug|Any CPU
		Release|Any CPU = Release|Any CPU
	EndGlobalSection
	GlobalSection(ProjectConfigurationPlatforms) = postSolution
		{115BB1D4-AB64-4FC4-AF96-4EF0AA6FBD82}.Debug|Any CPU.ActiveCfg = Debug|Any CPU
		{115BB1D4-AB64-4FC4-AF96-4EF0AA6FBD82}.Debug|Any CPU.Build.0 = Debug|Any CPU
		{115BB1D4-AB64-4FC4-AF96-4EF0AA6FBD82}.Release|Any CPU.ActiveCfg = Release|Any CPU
		{115BB1D4-AB64-4FC4-AF96-4EF0AA6FBD82}.Release|Any CPU.Build.0 = Release|Any CPU
		{1C3C7184-317D-41B7-9071-8EEA29A54605}.Debug|Any CPU.ActiveCfg = Debug|Any CPU
		{1C3C7184-317D-41B7-9071-8EEA29A54605}.Debug|Any CPU.Build.0 = Debug|Any CPU
		{1C3C7184-317D-41B7-9071-8EEA29A54605}.Release|Any CPU.ActiveCfg = Release|Any CPU
		{1C3C7184-317D-41B7-9071-8EEA29A54605}.Release|Any CPU.Build.0 = Release|Any CPU
	EndGlobalSection
	GlobalSection(SolutionProperties) = preSolution
		HideSolutionNode = FALSE
	EndGlobalSection
	GlobalSection(ExtensibilityGlobals) = postSolution
		SolutionGuid = {D0EB4E4D-1270-4398-B9D9-A5CB04A2180A}
	EndGlobalSection
EndGlobal
